// !$*UTF8*$!
{
	archiveVersion = 1;
	classes = {
	};
	objectVersion = 46;
	objects = {

/* Begin PBXBuildFile section */
		84A428D11F04C59B001D02E7 /* main.m in Sources */ = {isa = PBXBuildFile; fileRef = 84A428D01F04C59B001D02E7 /* main.m */; };
		84A428D41F04C59B001D02E7 /* AppDelegate.m in Sources */ = {isa = PBXBuildFile; fileRef = 84A428D31F04C59B001D02E7 /* AppDelegate.m */; };
		84A428D71F04C59B001D02E7 /* ViewController.m in Sources */ = {isa = PBXBuildFile; fileRef = 84A428D61F04C59B001D02E7 /* ViewController.m */; };
		84A428DA1F04C59B001D02E7 /* Main.storyboard in Resources */ = {isa = PBXBuildFile; fileRef = 84A428D81F04C59B001D02E7 /* Main.storyboard */; };
		84A428DC1F04C59B001D02E7 /* Assets.xcassets in Resources */ = {isa = PBXBuildFile; fileRef = 84A428DB1F04C59B001D02E7 /* Assets.xcassets */; };
		84A428DF1F04C59B001D02E7 /* LaunchScreen.storyboard in Resources */ = {isa = PBXBuildFile; fileRef = 84A428DD1F04C59B001D02E7 /* LaunchScreen.storyboard */; };
		84A428F11F04CC33001D02E7 /* SABubblePopView.m in Sources */ = {isa = PBXBuildFile; fileRef = 84A428F01F04CC33001D02E7 /* SABubblePopView.m */; };
/* End PBXBuildFile section */

/* Begin PBXFileReference section */
		84A428CC1F04C59B001D02E7 /* SABubblePopView.app */ = {isa = PBXFileReference; explicitFileType = wrapper.application; includeInIndex = 0; path = SABubblePopView.app; sourceTree = BUILT_PRODUCTS_DIR; };
		84A428D01F04C59B001D02E7 /* main.m */ = {isa = PBXFileReference; lastKnownFileType = sourcecode.c.objc; path = main.m; sourceTree = "<group>"; };
		84A428D21F04C59B001D02E7 /* AppDelegate.h */ = {isa = PBXFileReference; lastKnownFileType = sourcecode.c.h; path = AppDelegate.h; sourceTree = "<group>"; };
		84A428D31F04C59B001D02E7 /* AppDelegate.m */ = {isa = PBXFileReference; lastKnownFileType = sourcecode.c.objc; path = AppDelegate.m; sourceTree = "<group>"; };
		84A428D51F04C59B001D02E7 /* ViewController.h */ = {isa = PBXFileReference; lastKnownFileType = sourcecode.c.h; path = ViewController.h; sourceTree = "<group>"; };
		84A428D61F04C59B001D02E7 /* ViewController.m */ = {isa = PBXFileReference; lastKnownFileType = sourcecode.c.objc; path = ViewController.m; sourceTree = "<group>"; };
		84A428D91F04C59B001D02E7 /* Base */ = {isa = PBXFileReference; lastKnownFileType = file.storyboard; name = Base; path = Base.lproj/Main.storyboard; sourceTree = "<group>"; };
		84A428DB1F04C59B001D02E7 /* Assets.xcassets */ = {isa = PBXFileReference; lastKnownFileType = folder.assetcatalog; path = Assets.xcassets; sourceTree = "<group>"; };
		84A428DE1F04C59B001D02E7 /* Base */ = {isa = PBXFileReference; lastKnownFileType = file.storyboard; name = Base; path = Base.lproj/LaunchScreen.storyboard; sourceTree = "<group>"; };
		84A428E01F04C59B001D02E7 /* Info.plist */ = {isa = PBXFileReference; lastKnownFileType = text.plist.xml; path = Info.plist; sourceTree = "<group>"; };
		84A428EF1F04CC33001D02E7 /* SABubblePopView.h */ = {isa = PBXFileReference; fileEncoding = 4; lastKnownFileType = sourcecode.c.h; path = SABubblePopView.h; sourceTree = "<group>"; };
		84A428F01F04CC33001D02E7 /* SABubblePopView.m */ = {isa = PBXFileReference; fileEncoding = 4; lastKnownFileType = sourcecode.c.objc; path = SABubblePopView.m; sourceTree = "<group>"; };
/* End PBXFileReference section */

/* Begin PBXFrameworksBuildPhase section */
		84A428C91F04C59B001D02E7 /* Frameworks */ = {
			isa = PBXFrameworksBuildPhase;
			buildActionMask = 2147483647;
			files = (
			);
			runOnlyForDeploymentPostprocessing = 0;
		};
/* End PBXFrameworksBuildPhase section */

/* Begin PBXGroup section */
		84A428C31F04C59B001D02E7 = {
			isa = PBXGroup;
			children = (
				84A428CE1F04C59B001D02E7 /* SABubblePopView */,
				84A428CD1F04C59B001D02E7 /* Products */,
			);
			sourceTree = "<group>";
		};
		84A428CD1F04C59B001D02E7 /* Products */ = {
			isa = PBXGroup;
			children = (
				84A428CC1F04C59B001D02E7 /* SABubblePopView.app */,
			);
			name = Products;
			sourceTree = "<group>";
		};
		84A428CE1F04C59B001D02E7 /* SABubblePopView */ = {
			isa = PBXGroup;
			children = (
				84A428EE1F04CC17001D02E7 /* SABubblePopView */,
				84A428D21F04C59B001D02E7 /* AppDelegate.h */,
				84A428D31F04C59B001D02E7 /* AppDelegate.m */,
				84A428D51F04C59B001D02E7 /* ViewController.h */,
				84A428D61F04C59B001D02E7 /* ViewController.m */,
				84A428D81F04C59B001D02E7 /* Main.storyboard */,
				84A428DB1F04C59B001D02E7 /* Assets.xcassets */,
				84A428DD1F04C59B001D02E7 /* LaunchScreen.storyboard */,
				84A428E01F04C59B001D02E7 /* Info.plist */,
				84A428CF1F04C59B001D02E7 /* Supporting Files */,
			);
			path = SABubblePopView;
			sourceTree = "<group>";
		};
		84A428CF1F04C59B001D02E7 /* Supporting Files */ = {
			isa = PBXGroup;
			children = (
				84A428D01F04C59B001D02E7 /* main.m */,
			);
			name = "Supporting Files";
			sourceTree = "<group>";
		};
		84A428EE1F04CC17001D02E7 /* SABubblePopView */ = {
			isa = PBXGroup;
			children = (
				84A428EF1F04CC33001D02E7 /* SABubblePopView.h */,
				84A428F01F04CC33001D02E7 /* SABubblePopView.m */,
			);
			path = SABubblePopView;
			sourceTree = "<group>";
		};
/* End PBXGroup section */

/* Begin PBXNativeTarget section */
		84A428CB1F04C59B001D02E7 /* SABubblePopView */ = {
			isa = PBXNativeTarget;
			buildConfigurationList = 84A428E31F04C59B001D02E7 /* Build configuration list for PBXNativeTarget "SABubblePopView" */;
			buildPhases = (
				84A428C81F04C59B001D02E7 /* Sources */,
				84A428C91F04C59B001D02E7 /* Frameworks */,
				84A428CA1F04C59B001D02E7 /* Resources */,
			);
			buildRules = (
			);
			dependencies = (
			);
			name = SABubblePopView;
			productName = SABubblePopView;
			productReference = 84A428CC1F04C59B001D02E7 /* SABubblePopView.app */;
			productType = "com.apple.product-type.application";
		};
/* End PBXNativeTarget section */

/* Begin PBXProject section */
		84A428C41F04C59B001D02E7 /* Project object */ = {
			isa = PBXProject;
			attributes = {
				LastUpgradeCheck = 0830;
				ORGANIZATIONNAME = "李磊";
				TargetAttributes = {
					84A428CB1F04C59B001D02E7 = {
						CreatedOnToolsVersion = 8.3.2;
						DevelopmentTeam = XDK267KQ83;
						ProvisioningStyle = Manual;
					};
				};
			};
			buildConfigurationList = 84A428C71F04C59B001D02E7 /* Build configuration list for PBXProject "SABubblePopView" */;
			compatibilityVersion = "Xcode 3.2";
			developmentRegion = English;
			hasScannedForEncodings = 0;
			knownRegions = (
				en,
				Base,
			);
			mainGroup = 84A428C31F04C59B001D02E7;
			productRefGroup = 84A428CD1F04C59B001D02E7 /* Products */;
			projectDirPath = "";
			projectRoot = "";
			targets = (
				84A428CB1F04C59B001D02E7 /* SABubblePopView */,
			);
		};
/* End PBXProject section */

/* Begin PBXResourcesBuildPhase section */
		84A428CA1F04C59B001D02E7 /* Resources */ = {
			isa = PBXResourcesBuildPhase;
			buildActionMask = 2147483647;
			files = (
				84A428DF1F04C59B001D02E7 /* LaunchScreen.storyboard in Resources */,
				84A428DC1F04C59B001D02E7 /* Assets.xcassets in Resources */,
				84A428DA1F04C59B001D02E7 /* Main.storyboard in Resources */,
			);
			runOnlyForDeploymentPostprocessing = 0;
		};
/* End PBXResourcesBuildPhase section */

/* Begin PBXSourcesBuildPhase section */
		84A428C81F04C59B001D02E7 /* Sources */ = {
			isa = PBXSourcesBuildPhase;
			buildActionMask = 2147483647;
			files = (
				84A428D71F04C59B001D02E7 /* ViewController.m in Sources */,
				84A428D41F04C59B001D02E7 /* AppDelegate.m in Sources */,
				84A428F11F04CC33001D02E7 /* SABubblePopView.m in Sources */,
				84A428D11F04C59B001D02E7 /* main.m in Sources */,
			);
			runOnlyForDeploymentPostprocessing = 0;
		};
/* End PBXSourcesBuildPhase section */

/* Begin PBXVariantGroup section */
		84A428D81F04C59B001D02E7 /* Main.storyboard */ = {
			isa = PBXVariantGroup;
			children = (
				84A428D91F04C59B001D02E7 /* Base */,
			);
			name = Main.storyboard;
			sourceTree = "<group>";
		};
		84A428DD1F04C59B001D02E7 /* LaunchScreen.storyboard */ = {
			isa = PBXVariantGroup;
			children = (
				84A428DE1F04C59B001D02E7 /* Base */,
			);
			name = LaunchScreen.storyboard;
			sourceTree = "<group>";
		};
/* End PBXVariantGroup section */

/* Begin XCBuildConfiguration section */
		84A428E11F04C59B001D02E7 /* Debug */ = {
			isa = XCBuildConfiguration;
			buildSettings = {
				ALWAYS_SEARCH_USER_PATHS = NO;
				CLANG_ANALYZER_NONNULL = YES;
				CLANG_ANALYZER_NUMBER_OBJECT_CONVERSION = YES_AGGRESSIVE;
				CLANG_CXX_LANGUAGE_STANDARD = "gnu++0x";
				CLANG_CXX_LIBRARY = "libc++";
				CLANG_ENABLE_MODULES = YES;
				CLANG_ENABLE_OBJC_ARC = YES;
				CLANG_WARN_BOOL_CONVERSION = YES;
				CLANG_WARN_CONSTANT_CONVERSION = YES;
				CLANG_WARN_DIRECT_OBJC_ISA_USAGE = YES_ERROR;
				CLANG_WARN_DOCUMENTATION_COMMENTS = YES;
				CLANG_WARN_EMPTY_BODY = YES;
				CLANG_WARN_ENUM_CONVERSION = YES;
				CLANG_WARN_INFINITE_RECURSION = YES;
				CLANG_WARN_INT_CONVERSION = YES;
				CLANG_WARN_OBJC_ROOT_CLASS = YES_ERROR;
				CLANG_WARN_SUSPICIOUS_MOVE = YES;
				CLANG_WARN_UNREACHABLE_CODE = YES;
				CLANG_WARN__DUPLICATE_METHOD_MATCH = YES;
				"CODE_SIGN_IDENTITY[sdk=iphoneos*]" = "iPhone Developer";
				COPY_PHASE_STRIP = NO;
				DEBUG_INFORMATION_FORMAT = dwarf;
				ENABLE_STRICT_OBJC_MSGSEND = YES;
				ENABLE_TESTABILITY = YES;
				GCC_C_LANGUAGE_STANDARD = gnu99;
				GCC_DYNAMIC_NO_PIC = NO;
				GCC_NO_COMMON_BLOCKS = YES;
				GCC_OPTIMIZATION_LEVEL = 0;
				GCC_PREPROCESSOR_DEFINITIONS = (
					"DEBUG=1",
					"$(inherited)",
				);
				GCC_WARN_64_TO_32_BIT_CONVERSION = YES;
				GCC_WARN_ABOUT_RETURN_TYPE = YES_ERROR;
				GCC_WARN_UNDECLARED_SELECTOR = YES;
				GCC_WARN_UNINITIALIZED_AUTOS = YES_AGGRESSIVE;
				GCC_WARN_UNUSED_FUNCTION = YES;
				GCC_WARN_UNUSED_VARIABLE = YES;
				IPHONEOS_DEPLOYMENT_TARGET = 10.3;
				MTL_ENABLE_DEBUG_INFO = YES;
				ONLY_ACTIVE_ARCH = YES;
				SDKROOT = iphoneos;
				TARGETED_DEVICE_FAMILY = "1,2";
			};
			name = Debug;
		};
		84A428E21F04C59B001D02E7 /* Release */ = {
			isa = XCBuildConfiguration;
			buildSettings = {
				ALWAYS_SEARCH_USER_PATHS = NO;
				CLANG_ANALYZER_NONNULL = YES;
				CLANG_ANALYZER_NUMBER_OBJECT_CONVERSION = YES_AGGRESSIVE;
				CLANG_CXX_LANGUAGE_STANDARD = "gnu++0x";
				CLANG_CXX_LIBRARY = "libc++";
				CLANG_ENABLE_MODULES = YES;
				CLANG_ENABLE_OBJC_ARC = YES;
				CLANG_WARN_BOOL_CONVERSION = YES;
				CLANG_WARN_CONSTANT_CONVERSION = YES;
				CLANG_WARN_DIRECT_OBJC_ISA_USAGE = YES_ERROR;
				CLANG_WARN_DOCUMENTATION_COMMENTS = YES;
				CLANG_WARN_EMPTY_BODY = YES;
				CLANG_WARN_ENUM_CONVERSION = YES;
				CLANG_WARN_INFINITE_RECURSION = YES;
				CLANG_WARN_INT_CONVERSION = YES;
				CLANG_WARN_OBJC_ROOT_CLASS = YES_ERROR;
				CLANG_WARN_SUSPICIOUS_MOVE = YES;
				CLANG_WARN_UNREACHABLE_CODE = YES;
				CLANG_WARN__DUPLICATE_METHOD_MATCH = YES;
				"CODE_SIGN_IDENTITY[sdk=iphoneos*]" = "iPhone Developer";
				COPY_PHASE_STRIP = NO;
				DEBUG_INFORMATION_FORMAT = "dwarf-with-dsym";
				ENABLE_NS_ASSERTIONS = NO;
				ENABLE_STRICT_OBJC_MSGSEND = YES;
				GCC_C_LANGUAGE_STANDARD = gnu99;
				GCC_NO_COMMON_BLOCKS = YES;
				GCC_WARN_64_TO_32_BIT_CONVERSION = YES;
				GCC_WARN_ABOUT_RETURN_TYPE = YES_ERROR;
				GCC_WARN_UNDECLARED_SELECTOR = YES;
				GCC_WARN_UNINITIALIZED_AUTOS = YES_AGGRESSIVE;
				GCC_WARN_UNUSED_FUNCTION = YES;
				GCC_WARN_UNUSED_VARIABLE = YES;
				IPHONEOS_DEPLOYMENT_TARGET = 10.3;
				MTL_ENABLE_DEBUG_INFO = NO;
				SDKROOT = iphoneos;
				TARGETED_DEVICE_FAMILY = "1,2";
				VALIDATE_PRODUCT = YES;
			};
			name = Release;
		};
		84A428E41F04C59B001D02E7 /* Debug */ = {
			isa = XCBuildConfiguration;
			buildSettings = {
				ASSETCATALOG_COMPILER_APPICON_NAME = AppIcon;
				DEVELOPMENT_TEAM = XDK267KQ83;
				INFOPLIST_FILE = SABubblePopView/Info.plist;
				IPHONEOS_DEPLOYMENT_TARGET = 8.0;
				LD_RUNPATH_SEARCH_PATHS = "$(inherited) @executable_path/Frameworks";
				PRODUCT_BUNDLE_IDENTIFIER = LiLei.SABubblePopView;
				PRODUCT_NAME = "$(TARGET_NAME)";
				PROVISIONING_PROFILE = "77f0e1f5-41af-44ef-975e-38903d34a039";
				PROVISIONING_PROFILE_SPECIFIER = "match Development *";
			};
			name = Debug;
		};
		84A428E51F04C59B001D02E7 /* Release */ = {
			isa = XCBuildConfiguration;
			buildSettings = {
				ASSETCATALOG_COMPILER_APPICON_NAME = AppIcon;
				DEVELOPMENT_TEAM = XDK267KQ83;
				INFOPLIST_FILE = SABubblePopView/Info.plist;
				IPHONEOS_DEPLOYMENT_TARGET = 8.0;
				LD_RUNPATH_SEARCH_PATHS = "$(inherited) @executable_path/Frameworks";
				PRODUCT_BUNDLE_IDENTIFIER = LiLei.SABubblePopView;
				PRODUCT_NAME = "$(TARGET_NAME)";
				PROVISIONING_PROFILE = "77f0e1f5-41af-44ef-975e-38903d34a039";
				PROVISIONING_PROFILE_SPECIFIER = "match Development *";
			};
			name = Release;
		};
/* End XCBuildConfiguration section */

/* Begin XCConfigurationList section */
		84A428C71F04C59B001D02E7 /* Build configuration list for PBXProject "SABubblePopView" */ = {
			isa = XCConfigurationList;
			buildConfigurations = (
				84A428E11F04C59B001D02E7 /* Debug */,
				84A428E21F04C59B001D02E7 /* Release */,
			);
			defaultConfigurationIsVisible = 0;
			defaultConfigurationName = Release;
		};
		84A428E31F04C59B001D02E7 /* Build configuration list for PBXNativeTarget "SABubblePopView" */ = {
			isa = XCConfigurationList;
			buildConfigurations = (
				84A428E41F04C59B001D02E7 /* Debug */,
				84A428E51F04C59B001D02E7 /* Release */,
			);
			defaultConfigurationIsVisible = 0;
			defaultConfigurationName = Release;
		};
/* End XCConfigurationList section */
	};
	rootObject = 84A428C41F04C59B001D02E7 /* Project object */;
}
